
Microsoft Visual Studio Solution File, Format Version 11.00
# Visual Studio 2010
Project("{FAE04EC0-301F-11D3-BF4B-00C04F79EFBC}") = "UnityEngine.UI", "UnityEngine.UI.csproj", "{f9a7c107-fe2c-ff7a-2078-405917953c2b}"
EndProject
Project("{FAE04EC0-301F-11D3-BF4B-00C04F79EFBC}") = "Assembly-CSharp", "Assembly-CSharp.csproj", "{2e11bfd9-bfbc-3836-e2a0-b3821ca565e3}"
EndProject
Project("{FAE04EC0-301F-11D3-BF4B-00C04F79EFBC}") = "UnityEditor.UI", "UnityEditor.UI.csproj", "{a7bc8481-0369-1479-5398-fe86b0205db9}"
EndProject
Project("{FAE04EC0-301F-11D3-BF4B-00C04F79EFBC}") = "UnityEngine.UI.Tests", "UnityEngine.UI.Tests.csproj", "{8618793e-f665-7708-5839-0e08ca5bcfa8}"
EndProject
Project("{FAE04EC0-301F-11D3-BF4B-00C04F79EFBC}") = "UnityEditor.UI.EditorTests", "UnityEditor.UI.EditorTests.csproj", "{95b113f7-bd79-0c40-6311-79b7736cfb80}"
EndProject
Global
	GlobalSection(SolutionConfigurationPlatforms) = preSolution
		Debug|Any CPU = Debug|Any CPU
	EndGlobalSection
	GlobalSection(ProjectConfigurationPlatforms) = postSolution
		{f9a7c107-fe2c-ff7a-2078-405917953c2b}.Debug|Any CPU.ActiveCfg = Debug|Any CPU
		{f9a7c107-fe2c-ff7a-2078-405917953c2b}.Debug|Any CPU.Build.0 = Debug|Any CPU
		{2e11bfd9-bfbc-3836-e2a0-b3821ca565e3}.Debug|Any CPU.ActiveCfg = Debug|Any CPU
		{2e11bfd9-bfbc-3836-e2a0-b3821ca565e3}.Debug|Any CPU.Build.0 = Debug|Any CPU
		{a7bc8481-0369-1479-5398-fe86b0205db9}.Debug|Any CPU.ActiveCfg = Debug|Any CPU
		{a7bc8481-0369-1479-5398-fe86b0205db9}.Debug|Any CPU.Build.0 = Debug|Any CPU
		{8618793e-f665-7708-5839-0e08ca5bcfa8}.Debug|Any CPU.ActiveCfg = Debug|Any CPU
		{8618793e-f665-7708-5839-0e08ca5bcfa8}.Debug|Any CPU.Build.0 = Debug|Any CPU
		{95b113f7-bd79-0c40-6311-79b7736cfb80}.Debug|Any CPU.ActiveCfg = Debug|Any CPU
		{95b113f7-bd79-0c40-6311-79b7736cfb80}.Debug|Any CPU.Build.0 = Debug|Any CPU
	EndGlobalSection
	GlobalSection(SolutionProperties) = preSolution
		HideSolutionNode = FALSE
	EndGlobalSection
EndGlobal
